
Microsoft Visual Studio Solution File, Format Version 12.00
# Visual Studio Version 16
VisualStudioVersion = 16.0.28803.452
MinimumVisualStudioVersion = 10.0.40219.1
Project("{FAE04EC0-301F-11D3-BF4B-00C04F79EFBC}") = "CreateModelOfPostgreSQL", "CreateModelOfPostgreSQL\CreateModelOfPostgreSQL.csproj", "{B2711BF4-B020-475E-A668-51611D9CE7B3}"
EndProject
Global
	GlobalSection(SolutionConfigurationPlatforms) = preSolution
		Debug|Any CPU = Debug|Any CPU
		Release|Any CPU = Release|Any CPU
	EndGlobalSection
	GlobalSection(ProjectConfigurationPlatforms) = postSolution
		{B2711BF4-B020-475E-A668-51611D9CE7B3}.Debug|Any CPU.ActiveCfg = Debug|Any CPU
		{B2711BF4-B020-475E-A668-51611D9CE7B3}.Debug|Any CPU.Build.0 = Debug|Any CPU
		{B2711BF4-B020-475E-A668-51611D9CE7B3}.Release|Any CPU.ActiveCfg = Release|Any CPU
		{B2711BF4-B020-475E-A668-51611D9CE7B3}.Release|Any CPU.Build.0 = Release|Any CPU
	EndGlobalSection
	GlobalSection(SolutionProperties) = preSolution
		HideSolutionNode = FALSE
	EndGlobalSection
	GlobalSection(ExtensibilityGlobals) = postSolution
		SolutionGuid = {5EA3A4B4-2F2A-47E7-9404-22D4DAA6E888}
	EndGlobalSection
EndGlobal
